// !$*UTF8*$!
{
	archiveVersion = 1;
	classes = {
	};
	objectVersion = 50;
	objects = {

/* Begin PBXBuildFile section */
		CF06988B20A0B97F00F19D9D /* AppDelegate.swift in Sources */ = {isa = PBXBuildFile; fileRef = CF06988A20A0B97F00F19D9D /* AppDelegate.swift */; };
		CF06988D20A0B97F00F19D9D /* ViewController.swift in Sources */ = {isa = PBXBuildFile; fileRef = CF06988C20A0B97F00F19D9D /* ViewController.swift */; };
		CF06989020A0B97F00F19D9D /* Main.storyboard in Resources */ = {isa = PBXBuildFile; fileRef = CF06988E20A0B97F00F19D9D /* Main.storyboard */; };
		CF06989220A0B98000F19D9D /* Assets.xcassets in Resources */ = {isa = PBXBuildFile; fileRef = CF06989120A0B98000F19D9D /* Assets.xcassets */; };
		CF06989520A0B98000F19D9D /* LaunchScreen.storyboard in Resources */ = {isa = PBXBuildFile; fileRef = CF06989320A0B98000F19D9D /* LaunchScreen.storyboard */; };
		CF06989D20A0B99400F19D9D /* NewSegue.swift in Sources */ = {isa = PBXBuildFile; fileRef = CF06989C20A0B99400F19D9D /* NewSegue.swift */; };
/* End PBXBuildFile section */

/* Begin PBXFileReference section */
		CF06988720A0B97F00F19D9D /* Scene-CustomSegue.app */ = {isa = PBXFileReference; explicitFileType = wrapper.application; includeInIndex = 0; path = "Scene-CustomSegue.app"; sourceTree = BUILT_PRODUCTS_DIR; };
		CF06988A20A0B97F00F19D9D /* AppDelegate.swift */ = {isa = PBXFileReference; lastKnownFileType = sourcecode.swift; path = AppDelegate.swift; sourceTree = "<group>"; };
		CF06988C20A0B97F00F19D9D /* ViewController.swift */ = {isa = PBXFileReference; lastKnownFileType = sourcecode.swift; path = ViewController.swift; sourceTree = "<group>"; };
		CF06988F20A0B97F00F19D9D /* Base */ = {isa = PBXFileReference; lastKnownFileType = file.storyboard; name = Base; path = Base.lproj/Main.storyboard; sourceTree = "<group>"; };
		CF06989120A0B98000F19D9D /* Assets.xcassets */ = {isa = PBXFileReference; lastKnownFileType = folder.assetcatalog; path = Assets.xcassets; sourceTree = "<group>"; };
		CF06989420A0B98000F19D9D /* Base */ = {isa = PBXFileReference; lastKnownFileType = file.storyboard; name = Base; path = Base.lproj/LaunchScreen.storyboard; sourceTree = "<group>"; };
		CF06989620A0B98000F19D9D /* Info.plist */ = {isa = PBXFileReference; lastKnownFileType = text.plist.xml; path = Info.plist; sourceTree = "<group>"; };
		CF06989C20A0B99400F19D9D /* NewSegue.swift */ = {isa = PBXFileReference; lastKnownFileType = sourcecode.swift; path = NewSegue.swift; sourceTree = "<group>"; };
/* End PBXFileReference section */

/* Begin PBXFrameworksBuildPhase section */
		CF06988420A0B97F00F19D9D /* Frameworks */ = {
			isa = PBXFrameworksBuildPhase;
			buildActionMask = 2147483647;
			files = (
			);
			runOnlyForDeploymentPostprocessing = 0;
		};
/* End PBXFrameworksBuildPhase section */

/* Begin PBXGroup section */
		CF06987E20A0B97F00F19D9D = {
			isa = PBXGroup;
			children = (
				CF06988920A0B97F00F19D9D /* Scene-CustomSegue */,
				CF06988820A0B97F00F19D9D /* Products */,
			);
			sourceTree = "<group>";
		};
		CF06988820A0B97F00F19D9D /* Products */ = {
			isa = PBXGroup;
			children = (
				CF06988720A0B97F00F19D9D /* Scene-CustomSegue.app */,
			);
			name = Products;
			sourceTree = "<group>";
		};
		CF06988920A0B97F00F19D9D /* Scene-CustomSegue */ = {
			isa = PBXGroup;
			children = (
				CF06988A20A0B97F00F19D9D /* AppDelegate.swift */,
				CF06988C20A0B97F00F19D9D /* ViewController.swift */,
				CF06989C20A0B99400F19D9D /* NewSegue.swift */,
				CF06988E20A0B97F00F19D9D /* Main.storyboard */,
				CF06989120A0B98000F19D9D /* Assets.xcassets */,
				CF06989320A0B98000F19D9D /* LaunchScreen.storyboard */,
				CF06989620A0B98000F19D9D /* Info.plist */,
			);
			path = "Scene-CustomSegue";
			sourceTree = "<group>";
		};
/* End PBXGroup section */

/* Begin PBXNativeTarget section */
		CF06988620A0B97F00F19D9D /* Scene-CustomSegue */ = {
			isa = PBXNativeTarget;
			buildConfigurationList = CF06989920A0B98000F19D9D /* Build configuration list for PBXNativeTarget "Scene-CustomSegue" */;
			buildPhases = (
				CF06988320A0B97F00F19D9D /* Sources */,
				CF06988420A0B97F00F19D9D /* Frameworks */,
				CF06988520A0B97F00F19D9D /* Resources */,
			);
			buildRules = (
			);
			dependencies = (
			);
			name = "Scene-CustomSegue";
			productName = "Scene-CustomSegue";
			productReference = CF06988720A0B97F00F19D9D /* Scene-CustomSegue.app */;
			productType = "com.apple.product-type.application";
		};
/* End PBXNativeTarget section */

/* Begin PBXProject section */
		CF06987F20A0B97F00F19D9D /* Project object */ = {
			isa = PBXProject;
			attributes = {
				LastSwiftUpdateCheck = 0930;
				LastUpgradeCheck = 0930;
				ORGANIZATIONNAME = "JaeUng Hyun";
				TargetAttributes = {
					CF06988620A0B97F00F19D9D = {
						CreatedOnToolsVersion = 9.3;
					};
				};
			};
			buildConfigurationList = CF06988220A0B97F00F19D9D /* Build configuration list for PBXProject "Scene-CustomSegue" */;
			compatibilityVersion = "Xcode 9.3";
			developmentRegion = en;
			hasScannedForEncodings = 0;
			knownRegions = (
				en,
				Base,
			);
			mainGroup = CF06987E20A0B97F00F19D9D;
			productRefGroup = CF06988820A0B97F00F19D9D /* Products */;
			projectDirPath = "";
			projectRoot = "";
			targets = (
				CF06988620A0B97F00F19D9D /* Scene-CustomSegue */,
			);
		};
/* End PBXProject section */

/* Begin PBXResourcesBuildPhase section */
		CF06988520A0B97F00F19D9D /* Resources */ = {
			isa = PBXResourcesBuildPhase;
			buildActionMask = 2147483647;
			files = (
				CF06989520A0B98000F19D9D /* LaunchScreen.storyboard in Resources */,
				CF06989220A0B98000F19D9D /* Assets.xcassets in Resources */,
				CF06989020A0B97F00F19D9D /* Main.storyboard in Resources */,
			);
			runOnlyForDeploymentPostprocessing = 0;
		};
/* End PBXResourcesBuildPhase section */

/* Begin PBXSourcesBuildPhase section */
		CF06988320A0B97F00F19D9D /* Sources */ = {
			isa = PBXSourcesBuildPhase;
			buildActionMask = 2147483647;
			files = (
				CF06989D20A0B99400F19D9D /* NewSegue.swift in Sources */,
				CF06988D20A0B97F00F19D9D /* ViewController.swift in Sources */,
				CF06988B20A0B97F00F19D9D /* AppDelegate.swift in Sources */,
			);
			runOnlyForDeploymentPostprocessing = 0;
		};
/* End PBXSourcesBuildPhase section */

/* Begin PBXVariantGroup section */
		CF06988E20A0B97F00F19D9D /* Main.storyboard */ = {
			isa = PBXVariantGroup;
			children = (
				CF06988F20A0B97F00F19D9D /* Base */,
			);
			name = Main.storyboard;
			sourceTree = "<group>";
		};
		CF06989320A0B98000F19D9D /* LaunchScreen.storyboard */ = {
			isa = PBXVariantGroup;
			children = (
				CF06989420A0B98000F19D9D /* Base */,
			);
			name = LaunchScreen.storyboard;
			sourceTree = "<group>";
		};
/* End PBXVariantGroup section */

/* Begin XCBuildConfiguration section */
		CF06989720A0B98000F19D9D /* Debug */ = {
			isa = XCBuildConfiguration;
			buildSettings = {
				ALWAYS_SEARCH_USER_PATHS = NO;
				CLANG_ANALYZER_NONNULL = YES;
				CLANG_ANALYZER_NUMBER_OBJECT_CONVERSION = YES_AGGRESSIVE;
				CLANG_CXX_LANGUAGE_STANDARD = "gnu++14";
				CLANG_CXX_LIBRARY = "libc++";
				CLANG_ENABLE_MODULES = YES;
				CLANG_ENABLE_OBJC_ARC = YES;
				CLANG_ENABLE_OBJC_WEAK = YES;
				CLANG_WARN_BLOCK_CAPTURE_AUTORELEASING = YES;
				CLANG_WARN_BOOL_CONVERSION = YES;
				CLANG_WARN_COMMA = YES;
				CLANG_WARN_CONSTANT_CONVERSION = YES;
				CLANG_WARN_DEPRECATED_OBJC_IMPLEMENTATIONS = YES;
				CLANG_WARN_DIRECT_OBJC_ISA_USAGE = YES_ERROR;
				CLANG_WARN_DOCUMENTATION_COMMENTS = YES;
				CLANG_WARN_EMPTY_BODY = YES;
				CLANG_WARN_ENUM_CONVERSION = YES;
				CLANG_WARN_INFINITE_RECURSION = YES;
				CLANG_WARN_INT_CONVERSION = YES;
				CLANG_WARN_NON_LITERAL_NULL_CONVERSION = YES;
				CLANG_WARN_OBJC_IMPLICIT_RETAIN_SELF = YES;
				CLANG_WARN_OBJC_LITERAL_CONVERSION = YES;
				CLANG_WARN_OBJC_ROOT_CLASS = YES_ERROR;
				CLANG_WARN_RANGE_LOOP_ANALYSIS = YES;
				CLANG_WARN_STRICT_PROTOTYPES = YES;
				CLANG_WARN_SUSPICIOUS_MOVE = YES;
				CLANG_WARN_UNGUARDED_AVAILABILITY = YES_AGGRESSIVE;
				CLANG_WARN_UNREACHABLE_CODE = YES;
				CLANG_WARN__DUPLICATE_METHOD_MATCH = YES;
				CODE_SIGN_IDENTITY = "iPhone Developer";
				COPY_PHASE_STRIP = NO;
				DEBUG_INFORMATION_FORMAT = dwarf;
				ENABLE_STRICT_OBJC_MSGSEND = YES;
				ENABLE_TESTABILITY = YES;
				GCC_C_LANGUAGE_STANDARD = gnu11;
				GCC_DYNAMIC_NO_PIC = NO;
				GCC_NO_COMMON_BLOCKS = YES;
				GCC_OPTIMIZATION_LEVEL = 0;
				GCC_PREPROCESSOR_DEFINITIONS = (
					"DEBUG=1",
					"$(inherited)",
				);
				GCC_WARN_64_TO_32_BIT_CONVERSION = YES;
				GCC_WARN_ABOUT_RETURN_TYPE = YES_ERROR;
				GCC_WARN_UNDECLARED_SELECTOR = YES;
				GCC_WARN_UNINITIALIZED_AUTOS = YES_AGGRESSIVE;
				GCC_WARN_UNUSED_FUNCTION = YES;
				GCC_WARN_UNUSED_VARIABLE = YES;
				IPHONEOS_DEPLOYMENT_TARGET = 11.3;
				MTL_ENABLE_DEBUG_INFO = YES;
				ONLY_ACTIVE_ARCH = YES;
				SDKROOT = iphoneos;
				SWIFT_ACTIVE_COMPILATION_CONDITIONS = DEBUG;
				SWIFT_OPTIMIZATION_LEVEL = "-Onone";
			};
			name = Debug;
		};
		CF06989820A0B98000F19D9D /* Release */ = {
			isa = XCBuildConfiguration;
			buildSettings = {
				ALWAYS_SEARCH_USER_PATHS = NO;
				CLANG_ANALYZER_NONNULL = YES;
				CLANG_ANALYZER_NUMBER_OBJECT_CONVERSION = YES_AGGRESSIVE;
				CLANG_CXX_LANGUAGE_STANDARD = "gnu++14";
				CLANG_CXX_LIBRARY = "libc++";
				CLANG_ENABLE_MODULES = YES;
				CLANG_ENABLE_OBJC_ARC = YES;
				CLANG_ENABLE_OBJC_WEAK = YES;
				CLANG_WARN_BLOCK_CAPTURE_AUTORELEASING = YES;
				CLANG_WARN_BOOL_CONVERSION = YES;
				CLANG_WARN_COMMA = YES;
				CLANG_WARN_CONSTANT_CONVERSION = YES;
				CLANG_WARN_DEPRECATED_OBJC_IMPLEMENTATIONS = YES;
				CLANG_WARN_DIRECT_OBJC_ISA_USAGE = YES_ERROR;
				CLANG_WARN_DOCUMENTATION_COMMENTS = YES;
				CLANG_WARN_EMPTY_BODY = YES;
				CLANG_WARN_ENUM_CONVERSION = YES;
				CLANG_WARN_INFINITE_RECURSION = YES;
				CLANG_WARN_INT_CONVERSION = YES;
				CLANG_WARN_NON_LITERAL_NULL_CONVERSION = YES;
				CLANG_WARN_OBJC_IMPLICIT_RETAIN_SELF = YES;
				CLANG_WARN_OBJC_LITERAL_CONVERSION = YES;
				CLANG_WARN_OBJC_ROOT_CLASS = YES_ERROR;
				CLANG_WARN_RANGE_LOOP_ANALYSIS = YES;
				CLANG_WARN_STRICT_PROTOTYPES = YES;
				CLANG_WARN_SUSPICIOUS_MOVE = YES;
				CLANG_WARN_UNGUARDED_AVAILABILITY = YES_AGGRESSIVE;
				CLANG_WARN_UNREACHABLE_CODE = YES;
				CLANG_WARN__DUPLICATE_METHOD_MATCH = YES;
				CODE_SIGN_IDENTITY = "iPhone Developer";
				COPY_PHASE_STRIP = NO;
				DEBUG_INFORMATION_FORMAT = "dwarf-with-dsym";
				ENABLE_NS_ASSERTIONS = NO;
				ENABLE_STRICT_OBJC_MSGSEND = YES;
				GCC_C_LANGUAGE_STANDARD = gnu11;
				GCC_NO_COMMON_BLOCKS = YES;
				GCC_WARN_64_TO_32_BIT_CONVERSION = YES;
				GCC_WARN_ABOUT_RETURN_TYPE = YES_ERROR;
				GCC_WARN_UNDECLARED_SELECTOR = YES;
				GCC_WARN_UNINITIALIZED_AUTOS = YES_AGGRESSIVE;
				GCC_WARN_UNUSED_FUNCTION = YES;
				GCC_WARN_UNUSED_VARIABLE = YES;
				IPHONEOS_DEPLOYMENT_TARGET = 11.3;
				MTL_ENABLE_DEBUG_INFO = NO;
				SDKROOT = iphoneos;
				SWIFT_COMPILATION_MODE = wholemodule;
				SWIFT_OPTIMIZATION_LEVEL = "-O";
				VALIDATE_PRODUCT = YES;
			};
			name = Release;
		};
		CF06989A20A0B98000F19D9D /* Debug */ = {
			isa = XCBuildConfiguration;
			buildSettings = {
				ASSETCATALOG_COMPILER_APPICON_NAME = AppIcon;
				CODE_SIGN_STYLE = Automatic;
				DEVELOPMENT_TEAM = 5ZQZ9P8NHF;
				INFOPLIST_FILE = "Scene-CustomSegue/Info.plist";
				LD_RUNPATH_SEARCH_PATHS = (
					"$(inherited)",
					"@executable_path/Frameworks",
				);
				PRODUCT_BUNDLE_IDENTIFIER = "com.jaeung.Scene-CustomSegue";
				PRODUCT_NAME = "$(TARGET_NAME)";
				SWIFT_VERSION = 4.0;
				TARGETED_DEVICE_FAMILY = "1,2";
			};
			name = Debug;
		};
		CF06989B20A0B98000F19D9D /* Release */ = {
			isa = XCBuildConfiguration;
			buildSettings = {
				ASSETCATALOG_COMPILER_APPICON_NAME = AppIcon;
				CODE_SIGN_STYLE = Automatic;
				DEVELOPMENT_TEAM = 5ZQZ9P8NHF;
				INFOPLIST_FILE = "Scene-CustomSegue/Info.plist";
				LD_RUNPATH_SEARCH_PATHS = (
					"$(inherited)",
					"@executable_path/Frameworks",
				);
				PRODUCT_BUNDLE_IDENTIFIER = "com.jaeung.Scene-CustomSegue";
				PRODUCT_NAME = "$(TARGET_NAME)";
				SWIFT_VERSION = 4.0;
				TARGETED_DEVICE_FAMILY = "1,2";
			};
			name = Release;
		};
/* End XCBuildConfiguration section */

/* Begin XCConfigurationList section */
		CF06988220A0B97F00F19D9D /* Build configuration list for PBXProject "Scene-CustomSegue" */ = {
			isa = XCConfigurationList;
			buildConfigurations = (
				CF06989720A0B98000F19D9D /* Debug */,
				CF06989820A0B98000F19D9D /* Release */,
			);
			defaultConfigurationIsVisible = 0;
			defaultConfigurationName = Release;
		};
		CF06989920A0B98000F19D9D /* Build configuration list for PBXNativeTarget "Scene-CustomSegue" */ = {
			isa = XCConfigurationList;
			buildConfigurations = (
				CF06989A20A0B98000F19D9D /* Debug */,
				CF06989B20A0B98000F19D9D /* Release */,
			);
			defaultConfigurationIsVisible = 0;
			defaultConfigurationName = Release;
		};
/* End XCConfigurationList section */
	};
	rootObject = CF06987F20A0B97F00F19D9D /* Project object */;
}
